
Microsoft Visual Studio Solution File, Format Version 12.00
# Visual Studio Version 17
VisualStudioVersion = 17.8.34511.84
MinimumVisualStudioVersion = 10.0.40219.1
Project("{FAE04EC0-301F-11D3-BF4B-00C04F79EFBC}") = "Passaparola_oyunu", "Passaparola_oyunu\Passaparola_oyunu.csproj", "{382F4978-D3F3-4D81-922D-E5069A3A4DB3}"
EndProject
Global
	GlobalSection(SolutionConfigurationPlatforms) = preSolution
		Debug|Any CPU = Debug|Any CPU
		Release|Any CPU = Release|Any CPU
	EndGlobalSection
	GlobalSection(ProjectConfigurationPlatforms) = postSolution
		{382F4978-D3F3-4D81-922D-E5069A3A4DB3}.Debug|Any CPU.ActiveCfg = Debug|Any CPU
		{382F4978-D3F3-4D81-922D-E5069A3A4DB3}.Debug|Any CPU.Build.0 = Debug|Any CPU
		{382F4978-D3F3-4D81-922D-E5069A3A4DB3}.Release|Any CPU.ActiveCfg = Release|Any CPU
		{382F4978-D3F3-4D81-922D-E5069A3A4DB3}.Release|Any CPU.Build.0 = Release|Any CPU
	EndGlobalSection
	GlobalSection(SolutionProperties) = preSolution
		HideSolutionNode = FALSE
	EndGlobalSection
	GlobalSection(ExtensibilityGlobals) = postSolution
		SolutionGuid = {E9A17569-F882-4995-A38A-6B4CACD56BA4}
	EndGlobalSection
EndGlobal
